
Microsoft Visual Studio Solution File, Format Version 12.00
# Visual Studio 15
VisualStudioVersion = 15.0.27130.2024
MinimumVisualStudioVersion = 10.0.40219.1
Project("{FAE04EC0-301F-11D3-BF4B-00C04F79EFBC}") = "Test.Android", "Test\Test.Android\Test.Android.csproj", "{80D40844-AFE7-4803-8F8A-180B58E4CE7E}"
EndProject
Project("{FAE04EC0-301F-11D3-BF4B-00C04F79EFBC}") = "Test.iOS", "Test\Test.iOS\Test.iOS.csproj", "{FD521C50-C870-4772-AAD2-B7CB8344CBE5}"
EndProject
Project("{9A19103F-16F7-4668-BE54-9A1E7A4F7556}") = "Test", "Test\Test\Test.csproj", "{1ADD4202-E8A4-4257-A223-F3E850B78C45}"
EndProject
Project("{2150E333-8FDC-42A3-9474-1A3956D46DE8}") = "Demo", "Demo", "{56D818CA-18F2-4EF6-A2CC-60363AC5BF80}"
EndProject
Project("{9A19103F-16F7-4668-BE54-9A1E7A4F7556}") = "Facebook.Core", "Facebook.Core.Form\Facebook.Core\Facebook.Core.csproj", "{574E70F1-B62A-445C-BF57-64F9B1A53315}"
EndProject
Project("{2150E333-8FDC-42A3-9474-1A3956D46DE8}") = "FBCore", "FBCore", "{84DB75F7-BB4B-4683-9F57-3FEB062DB2C9}"
EndProject
Project("{FAE04EC0-301F-11D3-BF4B-00C04F79EFBC}") = "Facebook.Core.Android", "Facebook.Core.Form\Facebook.Core.Android\Facebook.Core.Android.csproj", "{62643305-B8CC-4436-BC2C-BA53304CAE85}"
EndProject
Project("{FAE04EC0-301F-11D3-BF4B-00C04F79EFBC}") = "Facebook.Core.iOS", "Facebook.Core.Form\Facebook.Core.iOS\Facebook.Core.iOS.csproj", "{6DD5349E-AAEF-439F-9F2A-FAB725D23F6D}"
EndProject
Project("{2150E333-8FDC-42A3-9474-1A3956D46DE8}") = "Binding", "Binding", "{4371F250-F233-4A45-BE89-551810BD569C}"
EndProject
Project("{2150E333-8FDC-42A3-9474-1A3956D46DE8}") = "Android", "Android", "{0355CA29-9F9B-4FB7-BC25-07A11FFD5A3C}"
EndProject
Project("{FAE04EC0-301F-11D3-BF4B-00C04F79EFBC}") = "Binding.Facebook.Core.Android", "Binding\Android\Binding.Facebook.Core.Android\Binding.Facebook.Core.Android.csproj", "{10B245F8-12E7-4246-86E4-54C3E19AA483}"
EndProject
Project("{FAE04EC0-301F-11D3-BF4B-00C04F79EFBC}") = "Binding.Facebook.Login.Android", "Binding\Android\Binding.Facebook.Login.Android\Binding.Facebook.Login.Android.csproj", "{85DEFF88-8880-4B67-93A1-905EBFE60D2F}"
EndProject
Project("{FAE04EC0-301F-11D3-BF4B-00C04F79EFBC}") = "Binding.Facebook.Common.Android", "Binding\Android\Binding.Facebook.Common.Android\Binding.Facebook.Common.Android.csproj", "{1EC932E6-0360-43FA-AC59-4C63A99D239C}"
EndProject
Project("{FAE04EC0-301F-11D3-BF4B-00C04F79EFBC}") = "Binding.Facebook.Share.Android", "Binding\Android\Binding.Facebook.Share.Android\Binding.Facebook.Share.Android.csproj", "{491DD9B5-3182-4BFB-B00E-95E8BBF07376}"
EndProject
Project("{FAE04EC0-301F-11D3-BF4B-00C04F79EFBC}") = "Facebook.Common", "Facebook.Common.Form\Facebook.Common\Facebook.Common.csproj", "{386633E7-1617-49A5-B3EB-D50E888440D0}"
EndProject
Project("{2150E333-8FDC-42A3-9474-1A3956D46DE8}") = "FBCommon", "FBCommon", "{0935BF8D-2244-4035-9C0C-EA88B565169B}"
EndProject
Project("{FAE04EC0-301F-11D3-BF4B-00C04F79EFBC}") = "Facebook.Common.Android", "Facebook.Common.Form\Facebook.Common.Android\Facebook.Common.Android.csproj", "{342FF3E1-65FE-415D-9D3C-515597C9967E}"
EndProject
Project("{FAE04EC0-301F-11D3-BF4B-00C04F79EFBC}") = "Facebook.Login", "Facebook.Login.Form\Facebook.Login\Facebook.Login.csproj", "{3D67BD88-64A7-47E7-890D-7AFFF1A5D2B8}"
EndProject
Project("{2150E333-8FDC-42A3-9474-1A3956D46DE8}") = "FBLogin", "FBLogin", "{D888735A-21B5-49A3-B9E8-6831598C1394}"
EndProject
Project("{FAE04EC0-301F-11D3-BF4B-00C04F79EFBC}") = "Facebook.Login.Android", "Facebook.Login.Form\Facebook.Login.Android\Facebook.Login.Android.csproj", "{C0D98491-98EF-4003-9AD6-235447866B19}"
EndProject
Global
	GlobalSection(SolutionConfigurationPlatforms) = preSolution
		Ad-Hoc|Any CPU = Ad-Hoc|Any CPU
		Ad-Hoc|iPhone = Ad-Hoc|iPhone
		Ad-Hoc|iPhoneSimulator = Ad-Hoc|iPhoneSimulator
		AppStore|Any CPU = AppStore|Any CPU
		AppStore|iPhone = AppStore|iPhone
		AppStore|iPhoneSimulator = AppStore|iPhoneSimulator
		Debug|Any CPU = Debug|Any CPU
		Debug|iPhone = Debug|iPhone
		Debug|iPhoneSimulator = Debug|iPhoneSimulator
		Release|Any CPU = Release|Any CPU
		Release|iPhone = Release|iPhone
		Release|iPhoneSimulator = Release|iPhoneSimulator
	EndGlobalSection
	GlobalSection(ProjectConfigurationPlatforms) = postSolution
		{80D40844-AFE7-4803-8F8A-180B58E4CE7E}.Ad-Hoc|Any CPU.ActiveCfg = Release|Any CPU
		{80D40844-AFE7-4803-8F8A-180B58E4CE7E}.Ad-Hoc|Any CPU.Build.0 = Release|Any CPU
		{80D40844-AFE7-4803-8F8A-180B58E4CE7E}.Ad-Hoc|Any CPU.Deploy.0 = Release|Any CPU
		{80D40844-AFE7-4803-8F8A-180B58E4CE7E}.Ad-Hoc|iPhone.ActiveCfg = Release|Any CPU
		{80D40844-AFE7-4803-8F8A-180B58E4CE7E}.Ad-Hoc|iPhone.Build.0 = Release|Any CPU
		{80D40844-AFE7-4803-8F8A-180B58E4CE7E}.Ad-Hoc|iPhone.Deploy.0 = Release|Any CPU
		{80D40844-AFE7-4803-8F8A-180B58E4CE7E}.Ad-Hoc|iPhoneSimulator.ActiveCfg = Release|Any CPU
		{80D40844-AFE7-4803-8F8A-180B58E4CE7E}.Ad-Hoc|iPhoneSimulator.Build.0 = Release|Any CPU
		{80D40844-AFE7-4803-8F8A-180B58E4CE7E}.Ad-Hoc|iPhoneSimulator.Deploy.0 = Release|Any CPU
		{80D40844-AFE7-4803-8F8A-180B58E4CE7E}.AppStore|Any CPU.ActiveCfg = Release|Any CPU
		{80D40844-AFE7-4803-8F8A-180B58E4CE7E}.AppStore|Any CPU.Build.0 = Release|Any CPU
		{80D40844-AFE7-4803-8F8A-180B58E4CE7E}.AppStore|Any CPU.Deploy.0 = Release|Any CPU
		{80D40844-AFE7-4803-8F8A-180B58E4CE7E}.AppStore|iPhone.ActiveCfg = Release|Any CPU
		{80D40844-AFE7-4803-8F8A-180B58E4CE7E}.AppStore|iPhone.Build.0 = Release|Any CPU
		{80D40844-AFE7-4803-8F8A-180B58E4CE7E}.AppStore|iPhone.Deploy.0 = Release|Any CPU
		{80D40844-AFE7-4803-8F8A-180B58E4CE7E}.AppStore|iPhoneSimulator.ActiveCfg = Release|Any CPU
		{80D40844-AFE7-4803-8F8A-180B58E4CE7E}.AppStore|iPhoneSimulator.Build.0 = Release|Any CPU
		{80D40844-AFE7-4803-8F8A-180B58E4CE7E}.AppStore|iPhoneSimulator.Deploy.0 = Release|Any CPU
		{80D40844-AFE7-4803-8F8A-180B58E4CE7E}.Debug|Any CPU.ActiveCfg = Debug|Any CPU
		{80D40844-AFE7-4803-8F8A-180B58E4CE7E}.Debug|Any CPU.Build.0 = Debug|Any CPU
		{80D40844-AFE7-4803-8F8A-180B58E4CE7E}.Debug|Any CPU.Deploy.0 = Debug|Any CPU
		{80D40844-AFE7-4803-8F8A-180B58E4CE7E}.Debug|iPhone.ActiveCfg = Debug|Any CPU
		{80D40844-AFE7-4803-8F8A-180B58E4CE7E}.Debug|iPhone.Build.0 = Debug|Any CPU
		{80D40844-AFE7-4803-8F8A-180B58E4CE7E}.Debug|iPhone.Deploy.0 = Debug|Any CPU
		{80D40844-AFE7-4803-8F8A-180B58E4CE7E}.Debug|iPhoneSimulator.ActiveCfg = Debug|Any CPU
		{80D40844-AFE7-4803-8F8A-180B58E4CE7E}.Debug|iPhoneSimulator.Build.0 = Debug|Any CPU
		{80D40844-AFE7-4803-8F8A-180B58E4CE7E}.Debug|iPhoneSimulator.Deploy.0 = Debug|Any CPU
		{80D40844-AFE7-4803-8F8A-180B58E4CE7E}.Release|Any CPU.ActiveCfg = Release|Any CPU
		{80D40844-AFE7-4803-8F8A-180B58E4CE7E}.Release|Any CPU.Build.0 = Release|Any CPU
		{80D40844-AFE7-4803-8F8A-180B58E4CE7E}.Release|Any CPU.Deploy.0 = Release|Any CPU
		{80D40844-AFE7-4803-8F8A-180B58E4CE7E}.Release|iPhone.ActiveCfg = Release|Any CPU
		{80D40844-AFE7-4803-8F8A-180B58E4CE7E}.Release|iPhone.Build.0 = Release|Any CPU
		{80D40844-AFE7-4803-8F8A-180B58E4CE7E}.Release|iPhone.Deploy.0 = Release|Any CPU
		{80D40844-AFE7-4803-8F8A-180B58E4CE7E}.Release|iPhoneSimulator.ActiveCfg = Release|Any CPU
		{80D40844-AFE7-4803-8F8A-180B58E4CE7E}.Release|iPhoneSimulator.Build.0 = Release|Any CPU
		{80D40844-AFE7-4803-8F8A-180B58E4CE7E}.Release|iPhoneSimulator.Deploy.0 = Release|Any CPU
		{FD521C50-C870-4772-AAD2-B7CB8344CBE5}.Ad-Hoc|Any CPU.ActiveCfg = Ad-Hoc|iPhone
		{FD521C50-C870-4772-AAD2-B7CB8344CBE5}.Ad-Hoc|iPhone.ActiveCfg = Ad-Hoc|iPhone
		{FD521C50-C870-4772-AAD2-B7CB8344CBE5}.Ad-Hoc|iPhone.Build.0 = Ad-Hoc|iPhone
		{FD521C50-C870-4772-AAD2-B7CB8344CBE5}.Ad-Hoc|iPhoneSimulator.ActiveCfg = Ad-Hoc|iPhoneSimulator
		{FD521C50-C870-4772-AAD2-B7CB8344CBE5}.Ad-Hoc|iPhoneSimulator.Build.0 = Ad-Hoc|iPhoneSimulator
		{FD521C50-C870-4772-AAD2-B7CB8344CBE5}.AppStore|Any CPU.ActiveCfg = AppStore|iPhone
		{FD521C50-C870-4772-AAD2-B7CB8344CBE5}.AppStore|iPhone.ActiveCfg = AppStore|iPhone
		{FD521C50-C870-4772-AAD2-B7CB8344CBE5}.AppStore|iPhone.Build.0 = AppStore|iPhone
		{FD521C50-C870-4772-AAD2-B7CB8344CBE5}.AppStore|iPhoneSimulator.ActiveCfg = AppStore|iPhoneSimulator
		{FD521C50-C870-4772-AAD2-B7CB8344CBE5}.AppStore|iPhoneSimulator.Build.0 = AppStore|iPhoneSimulator
		{FD521C50-C870-4772-AAD2-B7CB8344CBE5}.Debug|Any CPU.ActiveCfg = Debug|iPhone
		{FD521C50-C870-4772-AAD2-B7CB8344CBE5}.Debug|iPhone.ActiveCfg = Debug|iPhone
		{FD521C50-C870-4772-AAD2-B7CB8344CBE5}.Debug|iPhone.Build.0 = Debug|iPhone
		{FD521C50-C870-4772-AAD2-B7CB8344CBE5}.Debug|iPhoneSimulator.ActiveCfg = Debug|iPhoneSimulator
		{FD521C50-C870-4772-AAD2-B7CB8344CBE5}.Debug|iPhoneSimulator.Build.0 = Debug|iPhoneSimulator
		{FD521C50-C870-4772-AAD2-B7CB8344CBE5}.Release|Any CPU.ActiveCfg = Release|iPhone
		{FD521C50-C870-4772-AAD2-B7CB8344CBE5}.Release|iPhone.ActiveCfg = Release|iPhone
		{FD521C50-C870-4772-AAD2-B7CB8344CBE5}.Release|iPhone.Build.0 = Release|iPhone
		{FD521C50-C870-4772-AAD2-B7CB8344CBE5}.Release|iPhoneSimulator.ActiveCfg = Release|iPhoneSimulator
		{FD521C50-C870-4772-AAD2-B7CB8344CBE5}.Release|iPhoneSimulator.Build.0 = Release|iPhoneSimulator
		{1ADD4202-E8A4-4257-A223-F3E850B78C45}.Ad-Hoc|Any CPU.ActiveCfg = Debug|Any CPU
		{1ADD4202-E8A4-4257-A223-F3E850B78C45}.Ad-Hoc|Any CPU.Build.0 = Debug|Any CPU
		{1ADD4202-E8A4-4257-A223-F3E850B78C45}.Ad-Hoc|iPhone.ActiveCfg = Debug|Any CPU
		{1ADD4202-E8A4-4257-A223-F3E850B78C45}.Ad-Hoc|iPhone.Build.0 = Debug|Any CPU
		{1ADD4202-E8A4-4257-A223-F3E850B78C45}.Ad-Hoc|iPhoneSimulator.ActiveCfg = Debug|Any CPU
		{1ADD4202-E8A4-4257-A223-F3E850B78C45}.Ad-Hoc|iPhoneSimulator.Build.0 = Debug|Any CPU
		{1ADD4202-E8A4-4257-A223-F3E850B78C45}.AppStore|Any CPU.ActiveCfg = Debug|Any CPU
		{1ADD4202-E8A4-4257-A223-F3E850B78C45}.AppStore|Any CPU.Build.0 = Debug|Any CPU
		{1ADD4202-E8A4-4257-A223-F3E850B78C45}.AppStore|iPhone.ActiveCfg = Debug|Any CPU
		{1ADD4202-E8A4-4257-A223-F3E850B78C45}.AppStore|iPhone.Build.0 = Debug|Any CPU
		{1ADD4202-E8A4-4257-A223-F3E850B78C45}.AppStore|iPhoneSimulator.ActiveCfg = Debug|Any CPU
		{1ADD4202-E8A4-4257-A223-F3E850B78C45}.AppStore|iPhoneSimulator.Build.0 = Debug|Any CPU
		{1ADD4202-E8A4-4257-A223-F3E850B78C45}.Debug|Any CPU.ActiveCfg = Debug|Any CPU
		{1ADD4202-E8A4-4257-A223-F3E850B78C45}.Debug|Any CPU.Build.0 = Debug|Any CPU
		{1ADD4202-E8A4-4257-A223-F3E850B78C45}.Debug|iPhone.ActiveCfg = Debug|Any CPU
		{1ADD4202-E8A4-4257-A223-F3E850B78C45}.Debug|iPhone.Build.0 = Debug|Any CPU
		{1ADD4202-E8A4-4257-A223-F3E850B78C45}.Debug|iPhoneSimulator.ActiveCfg = Debug|Any CPU
		{1ADD4202-E8A4-4257-A223-F3E850B78C45}.Debug|iPhoneSimulator.Build.0 = Debug|Any CPU
		{1ADD4202-E8A4-4257-A223-F3E850B78C45}.Release|Any CPU.ActiveCfg = Release|Any CPU
		{1ADD4202-E8A4-4257-A223-F3E850B78C45}.Release|Any CPU.Build.0 = Release|Any CPU
		{1ADD4202-E8A4-4257-A223-F3E850B78C45}.Release|iPhone.ActiveCfg = Release|Any CPU
		{1ADD4202-E8A4-4257-A223-F3E850B78C45}.Release|iPhone.Build.0 = Release|Any CPU
		{1ADD4202-E8A4-4257-A223-F3E850B78C45}.Release|iPhoneSimulator.ActiveCfg = Release|Any CPU
		{1ADD4202-E8A4-4257-A223-F3E850B78C45}.Release|iPhoneSimulator.Build.0 = Release|Any CPU
		{574E70F1-B62A-445C-BF57-64F9B1A53315}.Ad-Hoc|Any CPU.ActiveCfg = Debug|Any CPU
		{574E70F1-B62A-445C-BF57-64F9B1A53315}.Ad-Hoc|Any CPU.Build.0 = Debug|Any CPU
		{574E70F1-B62A-445C-BF57-64F9B1A53315}.Ad-Hoc|iPhone.ActiveCfg = Debug|Any CPU
		{574E70F1-B62A-445C-BF57-64F9B1A53315}.Ad-Hoc|iPhone.Build.0 = Debug|Any CPU
		{574E70F1-B62A-445C-BF57-64F9B1A53315}.Ad-Hoc|iPhoneSimulator.ActiveCfg = Debug|Any CPU
		{574E70F1-B62A-445C-BF57-64F9B1A53315}.Ad-Hoc|iPhoneSimulator.Build.0 = Debug|Any CPU
		{574E70F1-B62A-445C-BF57-64F9B1A53315}.AppStore|Any CPU.ActiveCfg = Debug|Any CPU
		{574E70F1-B62A-445C-BF57-64F9B1A53315}.AppStore|Any CPU.Build.0 = Debug|Any CPU
		{574E70F1-B62A-445C-BF57-64F9B1A53315}.AppStore|iPhone.ActiveCfg = Debug|Any CPU
		{574E70F1-B62A-445C-BF57-64F9B1A53315}.AppStore|iPhone.Build.0 = Debug|Any CPU
		{574E70F1-B62A-445C-BF57-64F9B1A53315}.AppStore|iPhoneSimulator.ActiveCfg = Debug|Any CPU
		{574E70F1-B62A-445C-BF57-64F9B1A53315}.AppStore|iPhoneSimulator.Build.0 = Debug|Any CPU
		{574E70F1-B62A-445C-BF57-64F9B1A53315}.Debug|Any CPU.ActiveCfg = Debug|Any CPU
		{574E70F1-B62A-445C-BF57-64F9B1A53315}.Debug|Any CPU.Build.0 = Debug|Any CPU
		{574E70F1-B62A-445C-BF57-64F9B1A53315}.Debug|iPhone.ActiveCfg = Debug|Any CPU
		{574E70F1-B62A-445C-BF57-64F9B1A53315}.Debug|iPhone.Build.0 = Debug|Any CPU
		{574E70F1-B62A-445C-BF57-64F9B1A53315}.Debug|iPhoneSimulator.ActiveCfg = Debug|Any CPU
		{574E70F1-B62A-445C-BF57-64F9B1A53315}.Debug|iPhoneSimulator.Build.0 = Debug|Any CPU
		{574E70F1-B62A-445C-BF57-64F9B1A53315}.Release|Any CPU.ActiveCfg = Release|Any CPU
		{574E70F1-B62A-445C-BF57-64F9B1A53315}.Release|Any CPU.Build.0 = Release|Any CPU
		{574E70F1-B62A-445C-BF57-64F9B1A53315}.Release|iPhone.ActiveCfg = Release|Any CPU
		{574E70F1-B62A-445C-BF57-64F9B1A53315}.Release|iPhone.Build.0 = Release|Any CPU
		{574E70F1-B62A-445C-BF57-64F9B1A53315}.Release|iPhoneSimulator.ActiveCfg = Release|Any CPU
		{574E70F1-B62A-445C-BF57-64F9B1A53315}.Release|iPhoneSimulator.Build.0 = Release|Any CPU
		{62643305-B8CC-4436-BC2C-BA53304CAE85}.Ad-Hoc|Any CPU.ActiveCfg = Release|Any CPU
		{62643305-B8CC-4436-BC2C-BA53304CAE85}.Ad-Hoc|Any CPU.Build.0 = Release|Any CPU
		{62643305-B8CC-4436-BC2C-BA53304CAE85}.Ad-Hoc|iPhone.ActiveCfg = Release|Any CPU
		{62643305-B8CC-4436-BC2C-BA53304CAE85}.Ad-Hoc|iPhone.Build.0 = Release|Any CPU
		{62643305-B8CC-4436-BC2C-BA53304CAE85}.Ad-Hoc|iPhoneSimulator.ActiveCfg = Release|Any CPU
		{62643305-B8CC-4436-BC2C-BA53304CAE85}.Ad-Hoc|iPhoneSimulator.Build.0 = Release|Any CPU
		{62643305-B8CC-4436-BC2C-BA53304CAE85}.AppStore|Any CPU.ActiveCfg = Release|Any CPU
		{62643305-B8CC-4436-BC2C-BA53304CAE85}.AppStore|Any CPU.Build.0 = Release|Any CPU
		{62643305-B8CC-4436-BC2C-BA53304CAE85}.AppStore|iPhone.ActiveCfg = Release|Any CPU
		{62643305-B8CC-4436-BC2C-BA53304CAE85}.AppStore|iPhone.Build.0 = Release|Any CPU
		{62643305-B8CC-4436-BC2C-BA53304CAE85}.AppStore|iPhoneSimulator.ActiveCfg = Release|Any CPU
		{62643305-B8CC-4436-BC2C-BA53304CAE85}.AppStore|iPhoneSimulator.Build.0 = Release|Any CPU
		{62643305-B8CC-4436-BC2C-BA53304CAE85}.Debug|Any CPU.ActiveCfg = Debug|Any CPU
		{62643305-B8CC-4436-BC2C-BA53304CAE85}.Debug|Any CPU.Build.0 = Debug|Any CPU
		{62643305-B8CC-4436-BC2C-BA53304CAE85}.Debug|iPhone.ActiveCfg = Debug|Any CPU
		{62643305-B8CC-4436-BC2C-BA53304CAE85}.Debug|iPhone.Build.0 = Debug|Any CPU
		{62643305-B8CC-4436-BC2C-BA53304CAE85}.Debug|iPhoneSimulator.ActiveCfg = Debug|Any CPU
		{62643305-B8CC-4436-BC2C-BA53304CAE85}.Debug|iPhoneSimulator.Build.0 = Debug|Any CPU
		{62643305-B8CC-4436-BC2C-BA53304CAE85}.Release|Any CPU.ActiveCfg = Release|Any CPU
		{62643305-B8CC-4436-BC2C-BA53304CAE85}.Release|Any CPU.Build.0 = Release|Any CPU
		{62643305-B8CC-4436-BC2C-BA53304CAE85}.Release|iPhone.ActiveCfg = Release|Any CPU
		{62643305-B8CC-4436-BC2C-BA53304CAE85}.Release|iPhone.Build.0 = Release|Any CPU
		{62643305-B8CC-4436-BC2C-BA53304CAE85}.Release|iPhoneSimulator.ActiveCfg = Release|Any CPU
		{62643305-B8CC-4436-BC2C-BA53304CAE85}.Release|iPhoneSimulator.Build.0 = Release|Any CPU
		{6DD5349E-AAEF-439F-9F2A-FAB725D23F6D}.Ad-Hoc|Any CPU.ActiveCfg = Release|Any CPU
		{6DD5349E-AAEF-439F-9F2A-FAB725D23F6D}.Ad-Hoc|Any CPU.Build.0 = Release|Any CPU
		{6DD5349E-AAEF-439F-9F2A-FAB725D23F6D}.Ad-Hoc|iPhone.ActiveCfg = Release|Any CPU
		{6DD5349E-AAEF-439F-9F2A-FAB725D23F6D}.Ad-Hoc|iPhone.Build.0 = Release|Any CPU
		{6DD5349E-AAEF-439F-9F2A-FAB725D23F6D}.Ad-Hoc|iPhoneSimulator.ActiveCfg = Release|Any CPU
		{6DD5349E-AAEF-439F-9F2A-FAB725D23F6D}.Ad-Hoc|iPhoneSimulator.Build.0 = Release|Any CPU
		{6DD5349E-AAEF-439F-9F2A-FAB725D23F6D}.AppStore|Any CPU.ActiveCfg = Release|Any CPU
		{6DD5349E-AAEF-439F-9F2A-FAB725D23F6D}.AppStore|Any CPU.Build.0 = Release|Any CPU
		{6DD5349E-AAEF-439F-9F2A-FAB725D23F6D}.AppStore|iPhone.ActiveCfg = Release|Any CPU
		{6DD5349E-AAEF-439F-9F2A-FAB725D23F6D}.AppStore|iPhone.Build.0 = Release|Any CPU
		{6DD5349E-AAEF-439F-9F2A-FAB725D23F6D}.AppStore|iPhoneSimulator.ActiveCfg = Release|Any CPU
		{6DD5349E-AAEF-439F-9F2A-FAB725D23F6D}.AppStore|iPhoneSimulator.Build.0 = Release|Any CPU
		{6DD5349E-AAEF-439F-9F2A-FAB725D23F6D}.Debug|Any CPU.ActiveCfg = Debug|Any CPU
		{6DD5349E-AAEF-439F-9F2A-FAB725D23F6D}.Debug|Any CPU.Build.0 = Debug|Any CPU
		{6DD5349E-AAEF-439F-9F2A-FAB725D23F6D}.Debug|iPhone.ActiveCfg = Debug|Any CPU
		{6DD5349E-AAEF-439F-9F2A-FAB725D23F6D}.Debug|iPhone.Build.0 = Debug|Any CPU
		{6DD5349E-AAEF-439F-9F2A-FAB725D23F6D}.Debug|iPhoneSimulator.ActiveCfg = Debug|Any CPU
		{6DD5349E-AAEF-439F-9F2A-FAB725D23F6D}.Debug|iPhoneSimulator.Build.0 = Debug|Any CPU
		{6DD5349E-AAEF-439F-9F2A-FAB725D23F6D}.Release|Any CPU.ActiveCfg = Release|Any CPU
		{6DD5349E-AAEF-439F-9F2A-FAB725D23F6D}.Release|Any CPU.Build.0 = Release|Any CPU
		{6DD5349E-AAEF-439F-9F2A-FAB725D23F6D}.Release|iPhone.ActiveCfg = Release|Any CPU
		{6DD5349E-AAEF-439F-9F2A-FAB725D23F6D}.Release|iPhone.Build.0 = Release|Any CPU
		{6DD5349E-AAEF-439F-9F2A-FAB725D23F6D}.Release|iPhoneSimulator.ActiveCfg = Release|Any CPU
		{6DD5349E-AAEF-439F-9F2A-FAB725D23F6D}.Release|iPhoneSimulator.Build.0 = Release|Any CPU
		{10B245F8-12E7-4246-86E4-54C3E19AA483}.Ad-Hoc|Any CPU.ActiveCfg = Release|Any CPU
		{10B245F8-12E7-4246-86E4-54C3E19AA483}.Ad-Hoc|Any CPU.Build.0 = Release|Any CPU
		{10B245F8-12E7-4246-86E4-54C3E19AA483}.Ad-Hoc|iPhone.ActiveCfg = Release|Any CPU
		{10B245F8-12E7-4246-86E4-54C3E19AA483}.Ad-Hoc|iPhone.Build.0 = Release|Any CPU
		{10B245F8-12E7-4246-86E4-54C3E19AA483}.Ad-Hoc|iPhoneSimulator.ActiveCfg = Release|Any CPU
		{10B245F8-12E7-4246-86E4-54C3E19AA483}.Ad-Hoc|iPhoneSimulator.Build.0 = Release|Any CPU
		{10B245F8-12E7-4246-86E4-54C3E19AA483}.AppStore|Any CPU.ActiveCfg = Release|Any CPU
		{10B245F8-12E7-4246-86E4-54C3E19AA483}.AppStore|Any CPU.Build.0 = Release|Any CPU
		{10B245F8-12E7-4246-86E4-54C3E19AA483}.AppStore|iPhone.ActiveCfg = Release|Any CPU
		{10B245F8-12E7-4246-86E4-54C3E19AA483}.AppStore|iPhone.Build.0 = Release|Any CPU
		{10B245F8-12E7-4246-86E4-54C3E19AA483}.AppStore|iPhoneSimulator.ActiveCfg = Release|Any CPU
		{10B245F8-12E7-4246-86E4-54C3E19AA483}.AppStore|iPhoneSimulator.Build.0 = Release|Any CPU
		{10B245F8-12E7-4246-86E4-54C3E19AA483}.Debug|Any CPU.ActiveCfg = Debug|Any CPU
		{10B245F8-12E7-4246-86E4-54C3E19AA483}.Debug|Any CPU.Build.0 = Debug|Any CPU
		{10B245F8-12E7-4246-86E4-54C3E19AA483}.Debug|iPhone.ActiveCfg = Debug|Any CPU
		{10B245F8-12E7-4246-86E4-54C3E19AA483}.Debug|iPhone.Build.0 = Debug|Any CPU
		{10B245F8-12E7-4246-86E4-54C3E19AA483}.Debug|iPhoneSimulator.ActiveCfg = Debug|Any CPU
		{10B245F8-12E7-4246-86E4-54C3E19AA483}.Debug|iPhoneSimulator.Build.0 = Debug|Any CPU
		{10B245F8-12E7-4246-86E4-54C3E19AA483}.Release|Any CPU.ActiveCfg = Release|Any CPU
		{10B245F8-12E7-4246-86E4-54C3E19AA483}.Release|Any CPU.Build.0 = Release|Any CPU
		{10B245F8-12E7-4246-86E4-54C3E19AA483}.Release|iPhone.ActiveCfg = Release|Any CPU
		{10B245F8-12E7-4246-86E4-54C3E19AA483}.Release|iPhone.Build.0 = Release|Any CPU
		{10B245F8-12E7-4246-86E4-54C3E19AA483}.Release|iPhoneSimulator.ActiveCfg = Release|Any CPU
		{10B245F8-12E7-4246-86E4-54C3E19AA483}.Release|iPhoneSimulator.Build.0 = Release|Any CPU
		{85DEFF88-8880-4B67-93A1-905EBFE60D2F}.Ad-Hoc|Any CPU.ActiveCfg = Release|Any CPU
		{85DEFF88-8880-4B67-93A1-905EBFE60D2F}.Ad-Hoc|Any CPU.Build.0 = Release|Any CPU
		{85DEFF88-8880-4B67-93A1-905EBFE60D2F}.Ad-Hoc|iPhone.ActiveCfg = Release|Any CPU
		{85DEFF88-8880-4B67-93A1-905EBFE60D2F}.Ad-Hoc|iPhone.Build.0 = Release|Any CPU
		{85DEFF88-8880-4B67-93A1-905EBFE60D2F}.Ad-Hoc|iPhoneSimulator.ActiveCfg = Release|Any CPU
		{85DEFF88-8880-4B67-93A1-905EBFE60D2F}.Ad-Hoc|iPhoneSimulator.Build.0 = Release|Any CPU
		{85DEFF88-8880-4B67-93A1-905EBFE60D2F}.AppStore|Any CPU.ActiveCfg = Release|Any CPU
		{85DEFF88-8880-4B67-93A1-905EBFE60D2F}.AppStore|Any CPU.Build.0 = Release|Any CPU
		{85DEFF88-8880-4B67-93A1-905EBFE60D2F}.AppStore|iPhone.ActiveCfg = Release|Any CPU
		{85DEFF88-8880-4B67-93A1-905EBFE60D2F}.AppStore|iPhone.Build.0 = Release|Any CPU
		{85DEFF88-8880-4B67-93A1-905EBFE60D2F}.AppStore|iPhoneSimulator.ActiveCfg = Release|Any CPU
		{85DEFF88-8880-4B67-93A1-905EBFE60D2F}.AppStore|iPhoneSimulator.Build.0 = Release|Any CPU
		{85DEFF88-8880-4B67-93A1-905EBFE60D2F}.Debug|Any CPU.ActiveCfg = Debug|Any CPU
		{85DEFF88-8880-4B67-93A1-905EBFE60D2F}.Debug|Any CPU.Build.0 = Debug|Any CPU
		{85DEFF88-8880-4B67-93A1-905EBFE60D2F}.Debug|iPhone.ActiveCfg = Debug|Any CPU
		{85DEFF88-8880-4B67-93A1-905EBFE60D2F}.Debug|iPhone.Build.0 = Debug|Any CPU
		{85DEFF88-8880-4B67-93A1-905EBFE60D2F}.Debug|iPhoneSimulator.ActiveCfg = Debug|Any CPU
		{85DEFF88-8880-4B67-93A1-905EBFE60D2F}.Debug|iPhoneSimulator.Build.0 = Debug|Any CPU
		{85DEFF88-8880-4B67-93A1-905EBFE60D2F}.Release|Any CPU.ActiveCfg = Release|Any CPU
		{85DEFF88-8880-4B67-93A1-905EBFE60D2F}.Release|Any CPU.Build.0 = Release|Any CPU
		{85DEFF88-8880-4B67-93A1-905EBFE60D2F}.Release|iPhone.ActiveCfg = Release|Any CPU
		{85DEFF88-8880-4B67-93A1-905EBFE60D2F}.Release|iPhone.Build.0 = Release|Any CPU
		{85DEFF88-8880-4B67-93A1-905EBFE60D2F}.Release|iPhoneSimulator.ActiveCfg = Release|Any CPU
		{85DEFF88-8880-4B67-93A1-905EBFE60D2F}.Release|iPhoneSimulator.Build.0 = Release|Any CPU
		{1EC932E6-0360-43FA-AC59-4C63A99D239C}.Ad-Hoc|Any CPU.ActiveCfg = Release|Any CPU
		{1EC932E6-0360-43FA-AC59-4C63A99D239C}.Ad-Hoc|Any CPU.Build.0 = Release|Any CPU
		{1EC932E6-0360-43FA-AC59-4C63A99D239C}.Ad-Hoc|iPhone.ActiveCfg = Release|Any CPU
		{1EC932E6-0360-43FA-AC59-4C63A99D239C}.Ad-Hoc|iPhone.Build.0 = Release|Any CPU
		{1EC932E6-0360-43FA-AC59-4C63A99D239C}.Ad-Hoc|iPhoneSimulator.ActiveCfg = Release|Any CPU
		{1EC932E6-0360-43FA-AC59-4C63A99D239C}.Ad-Hoc|iPhoneSimulator.Build.0 = Release|Any CPU
		{1EC932E6-0360-43FA-AC59-4C63A99D239C}.AppStore|Any CPU.ActiveCfg = Release|Any CPU
		{1EC932E6-0360-43FA-AC59-4C63A99D239C}.AppStore|Any CPU.Build.0 = Release|Any CPU
		{1EC932E6-0360-43FA-AC59-4C63A99D239C}.AppStore|iPhone.ActiveCfg = Release|Any CPU
		{1EC932E6-0360-43FA-AC59-4C63A99D239C}.AppStore|iPhone.Build.0 = Release|Any CPU
		{1EC932E6-0360-43FA-AC59-4C63A99D239C}.AppStore|iPhoneSimulator.ActiveCfg = Release|Any CPU
		{1EC932E6-0360-43FA-AC59-4C63A99D239C}.AppStore|iPhoneSimulator.Build.0 = Release|Any CPU
		{1EC932E6-0360-43FA-AC59-4C63A99D239C}.Debug|Any CPU.ActiveCfg = Debug|Any CPU
		{1EC932E6-0360-43FA-AC59-4C63A99D239C}.Debug|Any CPU.Build.0 = Debug|Any CPU
		{1EC932E6-0360-43FA-AC59-4C63A99D239C}.Debug|iPhone.ActiveCfg = Debug|Any CPU
		{1EC932E6-0360-43FA-AC59-4C63A99D239C}.Debug|iPhone.Build.0 = Debug|Any CPU
		{1EC932E6-0360-43FA-AC59-4C63A99D239C}.Debug|iPhoneSimulator.ActiveCfg = Debug|Any CPU
		{1EC932E6-0360-43FA-AC59-4C63A99D239C}.Debug|iPhoneSimulator.Build.0 = Debug|Any CPU
		{1EC932E6-0360-43FA-AC59-4C63A99D239C}.Release|Any CPU.ActiveCfg = Release|Any CPU
		{1EC932E6-0360-43FA-AC59-4C63A99D239C}.Release|Any CPU.Build.0 = Release|Any CPU
		{1EC932E6-0360-43FA-AC59-4C63A99D239C}.Release|iPhone.ActiveCfg = Release|Any CPU
		{1EC932E6-0360-43FA-AC59-4C63A99D239C}.Release|iPhone.Build.0 = Release|Any CPU
		{1EC932E6-0360-43FA-AC59-4C63A99D239C}.Release|iPhoneSimulator.ActiveCfg = Release|Any CPU
		{1EC932E6-0360-43FA-AC59-4C63A99D239C}.Release|iPhoneSimulator.Build.0 = Release|Any CPU
		{491DD9B5-3182-4BFB-B00E-95E8BBF07376}.Ad-Hoc|Any CPU.ActiveCfg = Release|Any CPU
		{491DD9B5-3182-4BFB-B00E-95E8BBF07376}.Ad-Hoc|Any CPU.Build.0 = Release|Any CPU
		{491DD9B5-3182-4BFB-B00E-95E8BBF07376}.Ad-Hoc|iPhone.ActiveCfg = Release|Any CPU
		{491DD9B5-3182-4BFB-B00E-95E8BBF07376}.Ad-Hoc|iPhone.Build.0 = Release|Any CPU
		{491DD9B5-3182-4BFB-B00E-95E8BBF07376}.Ad-Hoc|iPhoneSimulator.ActiveCfg = Release|Any CPU
		{491DD9B5-3182-4BFB-B00E-95E8BBF07376}.Ad-Hoc|iPhoneSimulator.Build.0 = Release|Any CPU
		{491DD9B5-3182-4BFB-B00E-95E8BBF07376}.AppStore|Any CPU.ActiveCfg = Release|Any CPU
		{491DD9B5-3182-4BFB-B00E-95E8BBF07376}.AppStore|Any CPU.Build.0 = Release|Any CPU
		{491DD9B5-3182-4BFB-B00E-95E8BBF07376}.AppStore|iPhone.ActiveCfg = Release|Any CPU
		{491DD9B5-3182-4BFB-B00E-95E8BBF07376}.AppStore|iPhone.Build.0 = Release|Any CPU
		{491DD9B5-3182-4BFB-B00E-95E8BBF07376}.AppStore|iPhoneSimulator.ActiveCfg = Release|Any CPU
		{491DD9B5-3182-4BFB-B00E-95E8BBF07376}.AppStore|iPhoneSimulator.Build.0 = Release|Any CPU
		{491DD9B5-3182-4BFB-B00E-95E8BBF07376}.Debug|Any CPU.ActiveCfg = Debug|Any CPU
		{491DD9B5-3182-4BFB-B00E-95E8BBF07376}.Debug|Any CPU.Build.0 = Debug|Any CPU
		{491DD9B5-3182-4BFB-B00E-95E8BBF07376}.Debug|iPhone.ActiveCfg = Debug|Any CPU
		{491DD9B5-3182-4BFB-B00E-95E8BBF07376}.Debug|iPhone.Build.0 = Debug|Any CPU
		{491DD9B5-3182-4BFB-B00E-95E8BBF07376}.Debug|iPhoneSimulator.ActiveCfg = Debug|Any CPU
		{491DD9B5-3182-4BFB-B00E-95E8BBF07376}.Debug|iPhoneSimulator.Build.0 = Debug|Any CPU
		{491DD9B5-3182-4BFB-B00E-95E8BBF07376}.Release|Any CPU.ActiveCfg = Release|Any CPU
		{491DD9B5-3182-4BFB-B00E-95E8BBF07376}.Release|Any CPU.Build.0 = Release|Any CPU
		{491DD9B5-3182-4BFB-B00E-95E8BBF07376}.Release|iPhone.ActiveCfg = Release|Any CPU
		{491DD9B5-3182-4BFB-B00E-95E8BBF07376}.Release|iPhone.Build.0 = Release|Any CPU
		{491DD9B5-3182-4BFB-B00E-95E8BBF07376}.Release|iPhoneSimulator.ActiveCfg = Release|Any CPU
		{491DD9B5-3182-4BFB-B00E-95E8BBF07376}.Release|iPhoneSimulator.Build.0 = Release|Any CPU
		{386633E7-1617-49A5-B3EB-D50E888440D0}.Ad-Hoc|Any CPU.ActiveCfg = Debug|Any CPU
		{386633E7-1617-49A5-B3EB-D50E888440D0}.Ad-Hoc|Any CPU.Build.0 = Debug|Any CPU
		{386633E7-1617-49A5-B3EB-D50E888440D0}.Ad-Hoc|iPhone.ActiveCfg = Debug|Any CPU
		{386633E7-1617-49A5-B3EB-D50E888440D0}.Ad-Hoc|iPhone.Build.0 = Debug|Any CPU
		{386633E7-1617-49A5-B3EB-D50E888440D0}.Ad-Hoc|iPhoneSimulator.ActiveCfg = Debug|Any CPU
		{386633E7-1617-49A5-B3EB-D50E888440D0}.Ad-Hoc|iPhoneSimulator.Build.0 = Debug|Any CPU
		{386633E7-1617-49A5-B3EB-D50E888440D0}.AppStore|Any CPU.ActiveCfg = Debug|Any CPU
		{386633E7-1617-49A5-B3EB-D50E888440D0}.AppStore|Any CPU.Build.0 = Debug|Any CPU
		{386633E7-1617-49A5-B3EB-D50E888440D0}.AppStore|iPhone.ActiveCfg = Debug|Any CPU
		{386633E7-1617-49A5-B3EB-D50E888440D0}.AppStore|iPhone.Build.0 = Debug|Any CPU
		{386633E7-1617-49A5-B3EB-D50E888440D0}.AppStore|iPhoneSimulator.ActiveCfg = Debug|Any CPU
		{386633E7-1617-49A5-B3EB-D50E888440D0}.AppStore|iPhoneSimulator.Build.0 = Debug|Any CPU
		{386633E7-1617-49A5-B3EB-D50E888440D0}.Debug|Any CPU.ActiveCfg = Debug|Any CPU
		{386633E7-1617-49A5-B3EB-D50E888440D0}.Debug|Any CPU.Build.0 = Debug|Any CPU
		{386633E7-1617-49A5-B3EB-D50E888440D0}.Debug|iPhone.ActiveCfg = Debug|Any CPU
		{386633E7-1617-49A5-B3EB-D50E888440D0}.Debug|iPhone.Build.0 = Debug|Any CPU
		{386633E7-1617-49A5-B3EB-D50E888440D0}.Debug|iPhoneSimulator.ActiveCfg = Debug|Any CPU
		{386633E7-1617-49A5-B3EB-D50E888440D0}.Debug|iPhoneSimulator.Build.0 = Debug|Any CPU
		{386633E7-1617-49A5-B3EB-D50E888440D0}.Release|Any CPU.ActiveCfg = Release|Any CPU
		{386633E7-1617-49A5-B3EB-D50E888440D0}.Release|Any CPU.Build.0 = Release|Any CPU
		{386633E7-1617-49A5-B3EB-D50E888440D0}.Release|iPhone.ActiveCfg = Release|Any CPU
		{386633E7-1617-49A5-B3EB-D50E888440D0}.Release|iPhone.Build.0 = Release|Any CPU
		{386633E7-1617-49A5-B3EB-D50E888440D0}.Release|iPhoneSimulator.ActiveCfg = Release|Any CPU
		{386633E7-1617-49A5-B3EB-D50E888440D0}.Release|iPhoneSimulator.Build.0 = Release|Any CPU
		{342FF3E1-65FE-415D-9D3C-515597C9967E}.Ad-Hoc|Any CPU.ActiveCfg = Release|Any CPU
		{342FF3E1-65FE-415D-9D3C-515597C9967E}.Ad-Hoc|Any CPU.Build.0 = Release|Any CPU
		{342FF3E1-65FE-415D-9D3C-515597C9967E}.Ad-Hoc|iPhone.ActiveCfg = Release|Any CPU
		{342FF3E1-65FE-415D-9D3C-515597C9967E}.Ad-Hoc|iPhone.Build.0 = Release|Any CPU
		{342FF3E1-65FE-415D-9D3C-515597C9967E}.Ad-Hoc|iPhoneSimulator.ActiveCfg = Release|Any CPU
		{342FF3E1-65FE-415D-9D3C-515597C9967E}.Ad-Hoc|iPhoneSimulator.Build.0 = Release|Any CPU
		{342FF3E1-65FE-415D-9D3C-515597C9967E}.AppStore|Any CPU.ActiveCfg = Release|Any CPU
		{342FF3E1-65FE-415D-9D3C-515597C9967E}.AppStore|Any CPU.Build.0 = Release|Any CPU
		{342FF3E1-65FE-415D-9D3C-515597C9967E}.AppStore|iPhone.ActiveCfg = Release|Any CPU
		{342FF3E1-65FE-415D-9D3C-515597C9967E}.AppStore|iPhone.Build.0 = Release|Any CPU
		{342FF3E1-65FE-415D-9D3C-515597C9967E}.AppStore|iPhoneSimulator.ActiveCfg = Release|Any CPU
		{342FF3E1-65FE-415D-9D3C-515597C9967E}.AppStore|iPhoneSimulator.Build.0 = Release|Any CPU
		{342FF3E1-65FE-415D-9D3C-515597C9967E}.Debug|Any CPU.ActiveCfg = Debug|Any CPU
		{342FF3E1-65FE-415D-9D3C-515597C9967E}.Debug|Any CPU.Build.0 = Debug|Any CPU
		{342FF3E1-65FE-415D-9D3C-515597C9967E}.Debug|iPhone.ActiveCfg = Debug|Any CPU
		{342FF3E1-65FE-415D-9D3C-515597C9967E}.Debug|iPhone.Build.0 = Debug|Any CPU
		{342FF3E1-65FE-415D-9D3C-515597C9967E}.Debug|iPhoneSimulator.ActiveCfg = Debug|Any CPU
		{342FF3E1-65FE-415D-9D3C-515597C9967E}.Debug|iPhoneSimulator.Build.0 = Debug|Any CPU
		{342FF3E1-65FE-415D-9D3C-515597C9967E}.Release|Any CPU.ActiveCfg = Release|Any CPU
		{342FF3E1-65FE-415D-9D3C-515597C9967E}.Release|Any CPU.Build.0 = Release|Any CPU
		{342FF3E1-65FE-415D-9D3C-515597C9967E}.Release|iPhone.ActiveCfg = Release|Any CPU
		{342FF3E1-65FE-415D-9D3C-515597C9967E}.Release|iPhone.Build.0 = Release|Any CPU
		{342FF3E1-65FE-415D-9D3C-515597C9967E}.Release|iPhoneSimulator.ActiveCfg = Release|Any CPU
		{342FF3E1-65FE-415D-9D3C-515597C9967E}.Release|iPhoneSimulator.Build.0 = Release|Any CPU
		{3D67BD88-64A7-47E7-890D-7AFFF1A5D2B8}.Ad-Hoc|Any CPU.ActiveCfg = Debug|Any CPU
		{3D67BD88-64A7-47E7-890D-7AFFF1A5D2B8}.Ad-Hoc|Any CPU.Build.0 = Debug|Any CPU
		{3D67BD88-64A7-47E7-890D-7AFFF1A5D2B8}.Ad-Hoc|iPhone.ActiveCfg = Debug|Any CPU
		{3D67BD88-64A7-47E7-890D-7AFFF1A5D2B8}.Ad-Hoc|iPhone.Build.0 = Debug|Any CPU
		{3D67BD88-64A7-47E7-890D-7AFFF1A5D2B8}.Ad-Hoc|iPhoneSimulator.ActiveCfg = Debug|Any CPU
		{3D67BD88-64A7-47E7-890D-7AFFF1A5D2B8}.Ad-Hoc|iPhoneSimulator.Build.0 = Debug|Any CPU
		{3D67BD88-64A7-47E7-890D-7AFFF1A5D2B8}.AppStore|Any CPU.ActiveCfg = Debug|Any CPU
		{3D67BD88-64A7-47E7-890D-7AFFF1A5D2B8}.AppStore|Any CPU.Build.0 = Debug|Any CPU
		{3D67BD88-64A7-47E7-890D-7AFFF1A5D2B8}.AppStore|iPhone.ActiveCfg = Debug|Any CPU
		{3D67BD88-64A7-47E7-890D-7AFFF1A5D2B8}.AppStore|iPhone.Build.0 = Debug|Any CPU
		{3D67BD88-64A7-47E7-890D-7AFFF1A5D2B8}.AppStore|iPhoneSimulator.ActiveCfg = Debug|Any CPU
		{3D67BD88-64A7-47E7-890D-7AFFF1A5D2B8}.AppStore|iPhoneSimulator.Build.0 = Debug|Any CPU
		{3D67BD88-64A7-47E7-890D-7AFFF1A5D2B8}.Debug|Any CPU.ActiveCfg = Debug|Any CPU
		{3D67BD88-64A7-47E7-890D-7AFFF1A5D2B8}.Debug|Any CPU.Build.0 = Debug|Any CPU
		{3D67BD88-64A7-47E7-890D-7AFFF1A5D2B8}.Debug|iPhone.ActiveCfg = Debug|Any CPU
		{3D67BD88-64A7-47E7-890D-7AFFF1A5D2B8}.Debug|iPhone.Build.0 = Debug|Any CPU
		{3D67BD88-64A7-47E7-890D-7AFFF1A5D2B8}.Debug|iPhoneSimulator.ActiveCfg = Debug|Any CPU
		{3D67BD88-64A7-47E7-890D-7AFFF1A5D2B8}.Debug|iPhoneSimulator.Build.0 = Debug|Any CPU
		{3D67BD88-64A7-47E7-890D-7AFFF1A5D2B8}.Release|Any CPU.ActiveCfg = Release|Any CPU
		{3D67BD88-64A7-47E7-890D-7AFFF1A5D2B8}.Release|Any CPU.Build.0 = Release|Any CPU
		{3D67BD88-64A7-47E7-890D-7AFFF1A5D2B8}.Release|iPhone.ActiveCfg = Release|Any CPU
		{3D67BD88-64A7-47E7-890D-7AFFF1A5D2B8}.Release|iPhone.Build.0 = Release|Any CPU
		{3D67BD88-64A7-47E7-890D-7AFFF1A5D2B8}.Release|iPhoneSimulator.ActiveCfg = Release|Any CPU
		{3D67BD88-64A7-47E7-890D-7AFFF1A5D2B8}.Release|iPhoneSimulator.Build.0 = Release|Any CPU
		{C0D98491-98EF-4003-9AD6-235447866B19}.Ad-Hoc|Any CPU.ActiveCfg = Release|Any CPU
		{C0D98491-98EF-4003-9AD6-235447866B19}.Ad-Hoc|Any CPU.Build.0 = Release|Any CPU
		{C0D98491-98EF-4003-9AD6-235447866B19}.Ad-Hoc|iPhone.ActiveCfg = Release|Any CPU
		{C0D98491-98EF-4003-9AD6-235447866B19}.Ad-Hoc|iPhone.Build.0 = Release|Any CPU
		{C0D98491-98EF-4003-9AD6-235447866B19}.Ad-Hoc|iPhoneSimulator.ActiveCfg = Release|Any CPU
		{C0D98491-98EF-4003-9AD6-235447866B19}.Ad-Hoc|iPhoneSimulator.Build.0 = Release|Any CPU
		{C0D98491-98EF-4003-9AD6-235447866B19}.AppStore|Any CPU.ActiveCfg = Release|Any CPU
		{C0D98491-98EF-4003-9AD6-235447866B19}.AppStore|Any CPU.Build.0 = Release|Any CPU
		{C0D98491-98EF-4003-9AD6-235447866B19}.AppStore|iPhone.ActiveCfg = Release|Any CPU
		{C0D98491-98EF-4003-9AD6-235447866B19}.AppStore|iPhone.Build.0 = Release|Any CPU
		{C0D98491-98EF-4003-9AD6-235447866B19}.AppStore|iPhoneSimulator.ActiveCfg = Release|Any CPU
		{C0D98491-98EF-4003-9AD6-235447866B19}.AppStore|iPhoneSimulator.Build.0 = Release|Any CPU
		{C0D98491-98EF-4003-9AD6-235447866B19}.Debug|Any CPU.ActiveCfg = Debug|Any CPU
		{C0D98491-98EF-4003-9AD6-235447866B19}.Debug|Any CPU.Build.0 = Debug|Any CPU
		{C0D98491-98EF-4003-9AD6-235447866B19}.Debug|iPhone.ActiveCfg = Debug|Any CPU
		{C0D98491-98EF-4003-9AD6-235447866B19}.Debug|iPhone.Build.0 = Debug|Any CPU
		{C0D98491-98EF-4003-9AD6-235447866B19}.Debug|iPhoneSimulator.ActiveCfg = Debug|Any CPU
		{C0D98491-98EF-4003-9AD6-235447866B19}.Debug|iPhoneSimulator.Build.0 = Debug|Any CPU
		{C0D98491-98EF-4003-9AD6-235447866B19}.Release|Any CPU.ActiveCfg = Release|Any CPU
		{C0D98491-98EF-4003-9AD6-235447866B19}.Release|Any CPU.Build.0 = Release|Any CPU
		{C0D98491-98EF-4003-9AD6-235447866B19}.Release|iPhone.ActiveCfg = Release|Any CPU
		{C0D98491-98EF-4003-9AD6-235447866B19}.Release|iPhone.Build.0 = Release|Any CPU
		{C0D98491-98EF-4003-9AD6-235447866B19}.Release|iPhoneSimulator.ActiveCfg = Release|Any CPU
		{C0D98491-98EF-4003-9AD6-235447866B19}.Release|iPhoneSimulator.Build.0 = Release|Any CPU
	EndGlobalSection
	GlobalSection(SolutionProperties) = preSolution
		HideSolutionNode = FALSE
	EndGlobalSection
	GlobalSection(NestedProjects) = preSolution
		{80D40844-AFE7-4803-8F8A-180B58E4CE7E} = {56D818CA-18F2-4EF6-A2CC-60363AC5BF80}
		{FD521C50-C870-4772-AAD2-B7CB8344CBE5} = {56D818CA-18F2-4EF6-A2CC-60363AC5BF80}
		{1ADD4202-E8A4-4257-A223-F3E850B78C45} = {56D818CA-18F2-4EF6-A2CC-60363AC5BF80}
		{574E70F1-B62A-445C-BF57-64F9B1A53315} = {84DB75F7-BB4B-4683-9F57-3FEB062DB2C9}
		{62643305-B8CC-4436-BC2C-BA53304CAE85} = {84DB75F7-BB4B-4683-9F57-3FEB062DB2C9}
		{6DD5349E-AAEF-439F-9F2A-FAB725D23F6D} = {84DB75F7-BB4B-4683-9F57-3FEB062DB2C9}
		{0355CA29-9F9B-4FB7-BC25-07A11FFD5A3C} = {4371F250-F233-4A45-BE89-551810BD569C}
		{10B245F8-12E7-4246-86E4-54C3E19AA483} = {0355CA29-9F9B-4FB7-BC25-07A11FFD5A3C}
		{85DEFF88-8880-4B67-93A1-905EBFE60D2F} = {0355CA29-9F9B-4FB7-BC25-07A11FFD5A3C}
		{1EC932E6-0360-43FA-AC59-4C63A99D239C} = {0355CA29-9F9B-4FB7-BC25-07A11FFD5A3C}
		{491DD9B5-3182-4BFB-B00E-95E8BBF07376} = {0355CA29-9F9B-4FB7-BC25-07A11FFD5A3C}
		{386633E7-1617-49A5-B3EB-D50E888440D0} = {0935BF8D-2244-4035-9C0C-EA88B565169B}
		{342FF3E1-65FE-415D-9D3C-515597C9967E} = {0935BF8D-2244-4035-9C0C-EA88B565169B}
		{3D67BD88-64A7-47E7-890D-7AFFF1A5D2B8} = {D888735A-21B5-49A3-B9E8-6831598C1394}
		{C0D98491-98EF-4003-9AD6-235447866B19} = {D888735A-21B5-49A3-B9E8-6831598C1394}
	EndGlobalSection
	GlobalSection(ExtensibilityGlobals) = postSolution
		SolutionGuid = {BDBEE536-0F6C-414B-9B28-750A9885203D}
	EndGlobalSection
EndGlobal
